// !$*UTF8*$!
{
	archiveVersion = 1;
	classes = {
	};
	objectVersion = 50;
	objects = {

/* Begin PBXBuildFile section */
		99A689C525338F07004F65D6 /* AppDelegate.swift in Sources */ = {isa = PBXBuildFile; fileRef = 99A689C425338F07004F65D6 /* AppDelegate.swift */; };
		99A689C725338F07004F65D6 /* SceneDelegate.swift in Sources */ = {isa = PBXBuildFile; fileRef = 99A689C625338F07004F65D6 /* SceneDelegate.swift */; };
		99A689C925338F07004F65D6 /* ViewController.swift in Sources */ = {isa = PBXBuildFile; fileRef = 99A689C825338F07004F65D6 /* ViewController.swift */; };
		99A689CC25338F07004F65D6 /* Main.storyboard in Resources */ = {isa = PBXBuildFile; fileRef = 99A689CA25338F07004F65D6 /* Main.storyboard */; };
		99A689CE25338F0A004F65D6 /* Assets.xcassets in Resources */ = {isa = PBXBuildFile; fileRef = 99A689CD25338F0A004F65D6 /* Assets.xcassets */; };
		99A689D125338F0A004F65D6 /* LaunchScreen.storyboard in Resources */ = {isa = PBXBuildFile; fileRef = 99A689CF25338F0A004F65D6 /* LaunchScreen.storyboard */; };
		F8940EBA193FD50CAE26DD4B /* Pods_testing_SwiftyJSON.framework in Frameworks */ = {isa = PBXBuildFile; fileRef = EC6F3A66AC6464D0337641DB /* Pods_testing_SwiftyJSON.framework */; };
/* End PBXBuildFile section */

/* Begin PBXFileReference section */
		99A689C125338F07004F65D6 /* testing-SwiftyJSON.app */ = {isa = PBXFileReference; explicitFileType = wrapper.application; includeInIndex = 0; path = "testing-SwiftyJSON.app"; sourceTree = BUILT_PRODUCTS_DIR; };
		99A689C425338F07004F65D6 /* AppDelegate.swift */ = {isa = PBXFileReference; lastKnownFileType = sourcecode.swift; path = AppDelegate.swift; sourceTree = "<group>"; };
		99A689C625338F07004F65D6 /* SceneDelegate.swift */ = {isa = PBXFileReference; lastKnownFileType = sourcecode.swift; path = SceneDelegate.swift; sourceTree = "<group>"; };
		99A689C825338F07004F65D6 /* ViewController.swift */ = {isa = PBXFileReference; lastKnownFileType = sourcecode.swift; path = ViewController.swift; sourceTree = "<group>"; };
		99A689CB25338F07004F65D6 /* Base */ = {isa = PBXFileReference; lastKnownFileType = file.storyboard; name = Base; path = Base.lproj/Main.storyboard; sourceTree = "<group>"; };
		99A689CD25338F0A004F65D6 /* Assets.xcassets */ = {isa = PBXFileReference; lastKnownFileType = folder.assetcatalog; path = Assets.xcassets; sourceTree = "<group>"; };
		99A689D025338F0A004F65D6 /* Base */ = {isa = PBXFileReference; lastKnownFileType = file.storyboard; name = Base; path = Base.lproj/LaunchScreen.storyboard; sourceTree = "<group>"; };
		99A689D225338F0A004F65D6 /* Info.plist */ = {isa = PBXFileReference; lastKnownFileType = text.plist.xml; path = Info.plist; sourceTree = "<group>"; };
		A4F1C310072A220C499E3B88 /* Pods-testing-SwiftyJSON.release.xcconfig */ = {isa = PBXFileReference; includeInIndex = 1; lastKnownFileType = text.xcconfig; name = "Pods-testing-SwiftyJSON.release.xcconfig"; path = "Target Support Files/Pods-testing-SwiftyJSON/Pods-testing-SwiftyJSON.release.xcconfig"; sourceTree = "<group>"; };
		EC6F3A66AC6464D0337641DB /* Pods_testing_SwiftyJSON.framework */ = {isa = PBXFileReference; explicitFileType = wrapper.framework; includeInIndex = 0; path = Pods_testing_SwiftyJSON.framework; sourceTree = BUILT_PRODUCTS_DIR; };
		F7413D4244634D2274B857A0 /* Pods-testing-SwiftyJSON.debug.xcconfig */ = {isa = PBXFileReference; includeInIndex = 1; lastKnownFileType = text.xcconfig; name = "Pods-testing-SwiftyJSON.debug.xcconfig"; path = "Target Support Files/Pods-testing-SwiftyJSON/Pods-testing-SwiftyJSON.debug.xcconfig"; sourceTree = "<group>"; };
/* End PBXFileReference section */

/* Begin PBXFrameworksBuildPhase section */
		99A689BE25338F06004F65D6 /* Frameworks */ = {
			isa = PBXFrameworksBuildPhase;
			buildActionMask = 2147483647;
			files = (
				F8940EBA193FD50CAE26DD4B /* Pods_testing_SwiftyJSON.framework in Frameworks */,
			);
			runOnlyForDeploymentPostprocessing = 0;
		};
/* End PBXFrameworksBuildPhase section */

/* Begin PBXGroup section */
		2B1697B44FC13C9CE7827EA5 /* Pods */ = {
			isa = PBXGroup;
			children = (
				F7413D4244634D2274B857A0 /* Pods-testing-SwiftyJSON.debug.xcconfig */,
				A4F1C310072A220C499E3B88 /* Pods-testing-SwiftyJSON.release.xcconfig */,
			);
			name = Pods;
			path = Pods;
			sourceTree = "<group>";
		};
		99A689B825338F06004F65D6 = {
			isa = PBXGroup;
			children = (
				99A689C325338F07004F65D6 /* testing-SwiftyJSON */,
				99A689C225338F07004F65D6 /* Products */,
				2B1697B44FC13C9CE7827EA5 /* Pods */,
				B388CFF7C04172486E0D65B2 /* Frameworks */,
			);
			sourceTree = "<group>";
		};
		99A689C225338F07004F65D6 /* Products */ = {
			isa = PBXGroup;
			children = (
				99A689C125338F07004F65D6 /* testing-SwiftyJSON.app */,
			);
			name = Products;
			sourceTree = "<group>";
		};
		99A689C325338F07004F65D6 /* testing-SwiftyJSON */ = {
			isa = PBXGroup;
			children = (
				99A689C425338F07004F65D6 /* AppDelegate.swift */,
				99A689C625338F07004F65D6 /* SceneDelegate.swift */,
				99A689C825338F07004F65D6 /* ViewController.swift */,
				99A689CA25338F07004F65D6 /* Main.storyboard */,
				99A689CD25338F0A004F65D6 /* Assets.xcassets */,
				99A689CF25338F0A004F65D6 /* LaunchScreen.storyboard */,
				99A689D225338F0A004F65D6 /* Info.plist */,
			);
			path = "testing-SwiftyJSON";
			sourceTree = "<group>";
		};
		B388CFF7C04172486E0D65B2 /* Frameworks */ = {
			isa = PBXGroup;
			children = (
				EC6F3A66AC6464D0337641DB /* Pods_testing_SwiftyJSON.framework */,
			);
			name = Frameworks;
			sourceTree = "<group>";
		};
/* End PBXGroup section */

/* Begin PBXNativeTarget section */
		99A689C025338F06004F65D6 /* testing-SwiftyJSON */ = {
			isa = PBXNativeTarget;
			buildConfigurationList = 99A689D525338F0A004F65D6 /* Build configuration list for PBXNativeTarget "testing-SwiftyJSON" */;
			buildPhases = (
				BD26CD43D14A8FD2C91896BB /* [CP] Check Pods Manifest.lock */,
				99A689BD25338F06004F65D6 /* Sources */,
				99A689BE25338F06004F65D6 /* Frameworks */,
				99A689BF25338F06004F65D6 /* Resources */,
				97C63CB673532103249039D7 /* [CP] Embed Pods Frameworks */,
			);
			buildRules = (
			);
			dependencies = (
			);
			name = "testing-SwiftyJSON";
			productName = "testing-SwiftyJSON";
			productReference = 99A689C125338F07004F65D6 /* testing-SwiftyJSON.app */;
			productType = "com.apple.product-type.application";
		};
/* End PBXNativeTarget section */

/* Begin PBXProject section */
		99A689B925338F06004F65D6 /* Project object */ = {
			isa = PBXProject;
			attributes = {
				LastSwiftUpdateCheck = 1200;
				LastUpgradeCheck = 1200;
				TargetAttributes = {
					99A689C025338F06004F65D6 = {
						CreatedOnToolsVersion = 12.0.1;
					};
				};
			};
			buildConfigurationList = 99A689BC25338F06004F65D6 /* Build configuration list for PBXProject "testing-SwiftyJSON" */;
			compatibilityVersion = "Xcode 9.3";
			developmentRegion = en;
			hasScannedForEncodings = 0;
			knownRegions = (
				en,
				Base,
			);
			mainGroup = 99A689B825338F06004F65D6;
			productRefGroup = 99A689C225338F07004F65D6 /* Products */;
			projectDirPath = "";
			projectRoot = "";
			targets = (
				99A689C025338F06004F65D6 /* testing-SwiftyJSON */,
			);
		};
/* End PBXProject section */

/* Begin PBXResourcesBuildPhase section */
		99A689BF25338F06004F65D6 /* Resources */ = {
			isa = PBXResourcesBuildPhase;
			buildActionMask = 2147483647;
			files = (
				99A689D125338F0A004F65D6 /* LaunchScreen.storyboard in Resources */,
				99A689CE25338F0A004F65D6 /* Assets.xcassets in Resources */,
				99A689CC25338F07004F65D6 /* Main.storyboard in Resources */,
			);
			runOnlyForDeploymentPostprocessing = 0;
		};
/* End PBXResourcesBuildPhase section */

/* Begin PBXShellScriptBuildPhase section */
		97C63CB673532103249039D7 /* [CP] Embed Pods Frameworks */ = {
			isa = PBXShellScriptBuildPhase;
			buildActionMask = 2147483647;
			files = (
			);
			inputFileListPaths = (
				"${PODS_ROOT}/Target Support Files/Pods-testing-SwiftyJSON/Pods-testing-SwiftyJSON-frameworks-${CONFIGURATION}-input-files.xcfilelist",
			);
			name = "[CP] Embed Pods Frameworks";
			outputFileListPaths = (
				"${PODS_ROOT}/Target Support Files/Pods-testing-SwiftyJSON/Pods-testing-SwiftyJSON-frameworks-${CONFIGURATION}-output-files.xcfilelist",
			);
			runOnlyForDeploymentPostprocessing = 0;
			shellPath = /bin/sh;
			shellScript = "\"${PODS_ROOT}/Target Support Files/Pods-testing-SwiftyJSON/Pods-testing-SwiftyJSON-frameworks.sh\"\n";
			showEnvVarsInLog = 0;
		};
		BD26CD43D14A8FD2C91896BB /* [CP] Check Pods Manifest.lock */ = {
			isa = PBXShellScriptBuildPhase;
			buildActionMask = 2147483647;
			files = (
			);
			inputFileListPaths = (
			);
			inputPaths = (
				"${PODS_PODFILE_DIR_PATH}/Podfile.lock",
				"${PODS_ROOT}/Manifest.lock",
			);
			name = "[CP] Check Pods Manifest.lock";
			outputFileListPaths = (
			);
			outputPaths = (
				"$(DERIVED_FILE_DIR)/Pods-testing-SwiftyJSON-checkManifestLockResult.txt",
			);
			runOnlyForDeploymentPostprocessing = 0;
			shellPath = /bin/sh;
			shellScript = "diff \"${PODS_PODFILE_DIR_PATH}/Podfile.lock\" \"${PODS_ROOT}/Manifest.lock\" > /dev/null\nif [ $? != 0 ] ; then\n    # print error to STDERR\n    echo \"error: The sandbox is not in sync with the Podfile.lock. Run 'pod install' or update your CocoaPods installation.\" >&2\n    exit 1\nfi\n# This output is used by Xcode 'outputs' to avoid re-running this script phase.\necho \"SUCCESS\" > \"${SCRIPT_OUTPUT_FILE_0}\"\n";
			showEnvVarsInLog = 0;
		};
/* End PBXShellScriptBuildPhase section */

/* Begin PBXSourcesBuildPhase section */
		99A689BD25338F06004F65D6 /* Sources */ = {
			isa = PBXSourcesBuildPhase;
			buildActionMask = 2147483647;
			files = (
				99A689C925338F07004F65D6 /* ViewController.swift in Sources */,
				99A689C525338F07004F65D6 /* AppDelegate.swift in Sources */,
				99A689C725338F07004F65D6 /* SceneDelegate.swift in Sources */,
			);
			runOnlyForDeploymentPostprocessing = 0;
		};
/* End PBXSourcesBuildPhase section */

/* Begin PBXVariantGroup section */
		99A689CA25338F07004F65D6 /* Main.storyboard */ = {
			isa = PBXVariantGroup;
			children = (
				99A689CB25338F07004F65D6 /* Base */,
			);
			name = Main.storyboard;
			sourceTree = "<group>";
		};
		99A689CF25338F0A004F65D6 /* LaunchScreen.storyboard */ = {
			isa = PBXVariantGroup;
			children = (
				99A689D025338F0A004F65D6 /* Base */,
			);
			name = LaunchScreen.storyboard;
			sourceTree = "<group>";
		};
/* End PBXVariantGroup section */

/* Begin XCBuildConfiguration section */
		99A689D325338F0A004F65D6 /* Debug */ = {
			isa = XCBuildConfiguration;
			buildSettings = {
				ALWAYS_SEARCH_USER_PATHS = NO;
				CLANG_ANALYZER_NONNULL = YES;
				CLANG_ANALYZER_NUMBER_OBJECT_CONVERSION = YES_AGGRESSIVE;
				CLANG_CXX_LANGUAGE_STANDARD = "gnu++14";
				CLANG_CXX_LIBRARY = "libc++";
				CLANG_ENABLE_MODULES = YES;
				CLANG_ENABLE_OBJC_ARC = YES;
				CLANG_ENABLE_OBJC_WEAK = YES;
				CLANG_WARN_BLOCK_CAPTURE_AUTORELEASING = YES;
				CLANG_WARN_BOOL_CONVERSION = YES;
				CLANG_WARN_COMMA = YES;
				CLANG_WARN_CONSTANT_CONVERSION = YES;
				CLANG_WARN_DEPRECATED_OBJC_IMPLEMENTATIONS = YES;
				CLANG_WARN_DIRECT_OBJC_ISA_USAGE = YES_ERROR;
				CLANG_WARN_DOCUMENTATION_COMMENTS = YES;
				CLANG_WARN_EMPTY_BODY = YES;
				CLANG_WARN_ENUM_CONVERSION = YES;
				CLANG_WARN_INFINITE_RECURSION = YES;
				CLANG_WARN_INT_CONVERSION = YES;
				CLANG_WARN_NON_LITERAL_NULL_CONVERSION = YES;
				CLANG_WARN_OBJC_IMPLICIT_RETAIN_SELF = YES;
				CLANG_WARN_OBJC_LITERAL_CONVERSION = YES;
				CLANG_WARN_OBJC_ROOT_CLASS = YES_ERROR;
				CLANG_WARN_QUOTED_INCLUDE_IN_FRAMEWORK_HEADER = YES;
				CLANG_WARN_RANGE_LOOP_ANALYSIS = YES;
				CLANG_WARN_STRICT_PROTOTYPES = YES;
				CLANG_WARN_SUSPICIOUS_MOVE = YES;
				CLANG_WARN_UNGUARDED_AVAILABILITY = YES_AGGRESSIVE;
				CLANG_WARN_UNREACHABLE_CODE = YES;
				CLANG_WARN__DUPLICATE_METHOD_MATCH = YES;
				COPY_PHASE_STRIP = NO;
				DEBUG_INFORMATION_FORMAT = dwarf;
				ENABLE_STRICT_OBJC_MSGSEND = YES;
				ENABLE_TESTABILITY = YES;
				GCC_C_LANGUAGE_STANDARD = gnu11;
				GCC_DYNAMIC_NO_PIC = NO;
				GCC_NO_COMMON_BLOCKS = YES;
				GCC_OPTIMIZATION_LEVEL = 0;
				GCC_PREPROCESSOR_DEFINITIONS = (
					"DEBUG=1",
					"$(inherited)",
				);
				GCC_WARN_64_TO_32_BIT_CONVERSION = YES;
				GCC_WARN_ABOUT_RETURN_TYPE = YES_ERROR;
				GCC_WARN_UNDECLARED_SELECTOR = YES;
				GCC_WARN_UNINITIALIZED_AUTOS = YES_AGGRESSIVE;
				GCC_WARN_UNUSED_FUNCTION = YES;
				GCC_WARN_UNUSED_VARIABLE = YES;
				IPHONEOS_DEPLOYMENT_TARGET = 14.0;
				MTL_ENABLE_DEBUG_INFO = INCLUDE_SOURCE;
				MTL_FAST_MATH = YES;
				ONLY_ACTIVE_ARCH = YES;
				SDKROOT = iphoneos;
				SWIFT_ACTIVE_COMPILATION_CONDITIONS = DEBUG;
				SWIFT_OPTIMIZATION_LEVEL = "-Onone";
			};
			name = Debug;
		};
		99A689D425338F0A004F65D6 /* Release */ = {
			isa = XCBuildConfiguration;
			buildSettings = {
				ALWAYS_SEARCH_USER_PATHS = NO;
				CLANG_ANALYZER_NONNULL = YES;
				CLANG_ANALYZER_NUMBER_OBJECT_CONVERSION = YES_AGGRESSIVE;
				CLANG_CXX_LANGUAGE_STANDARD = "gnu++14";
				CLANG_CXX_LIBRARY = "libc++";
				CLANG_ENABLE_MODULES = YES;
				CLANG_ENABLE_OBJC_ARC = YES;
				CLANG_ENABLE_OBJC_WEAK = YES;
				CLANG_WARN_BLOCK_CAPTURE_AUTORELEASING = YES;
				CLANG_WARN_BOOL_CONVERSION = YES;
				CLANG_WARN_COMMA = YES;
				CLANG_WARN_CONSTANT_CONVERSION = YES;
				CLANG_WARN_DEPRECATED_OBJC_IMPLEMENTATIONS = YES;
				CLANG_WARN_DIRECT_OBJC_ISA_USAGE = YES_ERROR;
				CLANG_WARN_DOCUMENTATION_COMMENTS = YES;
				CLANG_WARN_EMPTY_BODY = YES;
				CLANG_WARN_ENUM_CONVERSION = YES;
				CLANG_WARN_INFINITE_RECURSION = YES;
				CLANG_WARN_INT_CONVERSION = YES;
				CLANG_WARN_NON_LITERAL_NULL_CONVERSION = YES;
				CLANG_WARN_OBJC_IMPLICIT_RETAIN_SELF = YES;
				CLANG_WARN_OBJC_LITERAL_CONVERSION = YES;
				CLANG_WARN_OBJC_ROOT_CLASS = YES_ERROR;
				CLANG_WARN_QUOTED_INCLUDE_IN_FRAMEWORK_HEADER = YES;
				CLANG_WARN_RANGE_LOOP_ANALYSIS = YES;
				CLANG_WARN_STRICT_PROTOTYPES = YES;
				CLANG_WARN_SUSPICIOUS_MOVE = YES;
				CLANG_WARN_UNGUARDED_AVAILABILITY = YES_AGGRESSIVE;
				CLANG_WARN_UNREACHABLE_CODE = YES;
				CLANG_WARN__DUPLICATE_METHOD_MATCH = YES;
				COPY_PHASE_STRIP = NO;
				DEBUG_INFORMATION_FORMAT = "dwarf-with-dsym";
				ENABLE_NS_ASSERTIONS = NO;
				ENABLE_STRICT_OBJC_MSGSEND = YES;
				GCC_C_LANGUAGE_STANDARD = gnu11;
				GCC_NO_COMMON_BLOCKS = YES;
				GCC_WARN_64_TO_32_BIT_CONVERSION = YES;
				GCC_WARN_ABOUT_RETURN_TYPE = YES_ERROR;
				GCC_WARN_UNDECLARED_SELECTOR = YES;
				GCC_WARN_UNINITIALIZED_AUTOS = YES_AGGRESSIVE;
				GCC_WARN_UNUSED_FUNCTION = YES;
				GCC_WARN_UNUSED_VARIABLE = YES;
				IPHONEOS_DEPLOYMENT_TARGET = 14.0;
				MTL_ENABLE_DEBUG_INFO = NO;
				MTL_FAST_MATH = YES;
				SDKROOT = iphoneos;
				SWIFT_COMPILATION_MODE = wholemodule;
				SWIFT_OPTIMIZATION_LEVEL = "-O";
				VALIDATE_PRODUCT = YES;
			};
			name = Release;
		};
		99A689D625338F0A004F65D6 /* Debug */ = {
			isa = XCBuildConfiguration;
			baseConfigurationReference = F7413D4244634D2274B857A0 /* Pods-testing-SwiftyJSON.debug.xcconfig */;
			buildSettings = {
				ASSETCATALOG_COMPILER_APPICON_NAME = AppIcon;
				ASSETCATALOG_COMPILER_GLOBAL_ACCENT_COLOR_NAME = AccentColor;
				CODE_SIGN_STYLE = Automatic;
				DEVELOPMENT_TEAM = JJC3HHT8LN;
				INFOPLIST_FILE = "testing-SwiftyJSON/Info.plist";
				LD_RUNPATH_SEARCH_PATHS = (
					"$(inherited)",
					"@executable_path/Frameworks",
				);
				PRODUCT_BUNDLE_IDENTIFIER = "ru.polykuzin.testing-SwiftyJSON";
				PRODUCT_NAME = "$(TARGET_NAME)";
				SWIFT_VERSION = 5.0;
				TARGETED_DEVICE_FAMILY = "1,2";
			};
			name = Debug;
		};
		99A689D725338F0A004F65D6 /* Release */ = {
			isa = XCBuildConfiguration;
			baseConfigurationReference = A4F1C310072A220C499E3B88 /* Pods-testing-SwiftyJSON.release.xcconfig */;
			buildSettings = {
				ASSETCATALOG_COMPILER_APPICON_NAME = AppIcon;
				ASSETCATALOG_COMPILER_GLOBAL_ACCENT_COLOR_NAME = AccentColor;
				CODE_SIGN_STYLE = Automatic;
				DEVELOPMENT_TEAM = JJC3HHT8LN;
				INFOPLIST_FILE = "testing-SwiftyJSON/Info.plist";
				LD_RUNPATH_SEARCH_PATHS = (
					"$(inherited)",
					"@executable_path/Frameworks",
				);
				PRODUCT_BUNDLE_IDENTIFIER = "ru.polykuzin.testing-SwiftyJSON";
				PRODUCT_NAME = "$(TARGET_NAME)";
				SWIFT_VERSION = 5.0;
				TARGETED_DEVICE_FAMILY = "1,2";
			};
			name = Release;
		};
/* End XCBuildConfiguration section */

/* Begin XCConfigurationList section */
		99A689BC25338F06004F65D6 /* Build configuration list for PBXProject "testing-SwiftyJSON" */ = {
			isa = XCConfigurationList;
			buildConfigurations = (
				99A689D325338F0A004F65D6 /* Debug */,
				99A689D425338F0A004F65D6 /* Release */,
			);
			defaultConfigurationIsVisible = 0;
			defaultConfigurationName = Release;
		};
		99A689D525338F0A004F65D6 /* Build configuration list for PBXNativeTarget "testing-SwiftyJSON" */ = {
			isa = XCConfigurationList;
			buildConfigurations = (
				99A689D625338F0A004F65D6 /* Debug */,
				99A689D725338F0A004F65D6 /* Release */,
			);
			defaultConfigurationIsVisible = 0;
			defaultConfigurationName = Release;
		};
/* End XCConfigurationList section */
	};
	rootObject = 99A689B925338F06004F65D6 /* Project object */;
}
